// !$*UTF8*$!
{
	archiveVersion = 1;
	classes = {
	};
	objectVersion = 46;
	objects = {

/* Begin PBXBuildFile section */
		8383B59C1B01C8C0006607E2 /* AppDelegate.swift in Sources */ = {isa = PBXBuildFile; fileRef = 8383B59B1B01C8C0006607E2 /* AppDelegate.swift */; };
		8383B59E1B01C8C0006607E2 /* ViewController.swift in Sources */ = {isa = PBXBuildFile; fileRef = 8383B59D1B01C8C0006607E2 /* ViewController.swift */; };
		8383B5A11B01C8C0006607E2 /* Main.storyboard in Resources */ = {isa = PBXBuildFile; fileRef = 8383B59F1B01C8C0006607E2 /* Main.storyboard */; };
		8383B5A31B01C8C0006607E2 /* Images.xcassets in Resources */ = {isa = PBXBuildFile; fileRef = 8383B5A21B01C8C0006607E2 /* Images.xcassets */; };
		8383B5A61B01C8C0006607E2 /* LaunchScreen.xib in Resources */ = {isa = PBXBuildFile; fileRef = 8383B5A41B01C8C0006607E2 /* LaunchScreen.xib */; };
		8383B5B21B01C8C0006607E2 /* Lab3MapTests.swift in Sources */ = {isa = PBXBuildFile; fileRef = 8383B5B11B01C8C0006607E2 /* Lab3MapTests.swift */; };
/* End PBXBuildFile section */

/* Begin PBXContainerItemProxy section */
		8383B5AC1B01C8C0006607E2 /* PBXContainerItemProxy */ = {
			isa = PBXContainerItemProxy;
			containerPortal = 8383B58E1B01C8C0006607E2 /* Project object */;
			proxyType = 1;
			remoteGlobalIDString = 8383B5951B01C8C0006607E2;
			remoteInfo = Lab3Map;
		};
/* End PBXContainerItemProxy section */

/* Begin PBXFileReference section */
		8383B5961B01C8C0006607E2 /* Lab3Map.app */ = {isa = PBXFileReference; explicitFileType = wrapper.application; includeInIndex = 0; path = Lab3Map.app; sourceTree = BUILT_PRODUCTS_DIR; };
		8383B59A1B01C8C0006607E2 /* Info.plist */ = {isa = PBXFileReference; lastKnownFileType = text.plist.xml; path = Info.plist; sourceTree = "<group>"; };
		8383B59B1B01C8C0006607E2 /* AppDelegate.swift */ = {isa = PBXFileReference; lastKnownFileType = sourcecode.swift; path = AppDelegate.swift; sourceTree = "<group>"; };
		8383B59D1B01C8C0006607E2 /* ViewController.swift */ = {isa = PBXFileReference; lastKnownFileType = sourcecode.swift; path = ViewController.swift; sourceTree = "<group>"; };
		8383B5A01B01C8C0006607E2 /* Base */ = {isa = PBXFileReference; lastKnownFileType = file.storyboard; name = Base; path = Base.lproj/Main.storyboard; sourceTree = "<group>"; };
		8383B5A21B01C8C0006607E2 /* Images.xcassets */ = {isa = PBXFileReference; lastKnownFileType = folder.assetcatalog; path = Images.xcassets; sourceTree = "<group>"; };
		8383B5A51B01C8C0006607E2 /* Base */ = {isa = PBXFileReference; lastKnownFileType = file.xib; name = Base; path = Base.lproj/LaunchScreen.xib; sourceTree = "<group>"; };
		8383B5AB1B01C8C0006607E2 /* Lab3MapTests.xctest */ = {isa = PBXFileReference; explicitFileType = wrapper.cfbundle; includeInIndex = 0; path = Lab3MapTests.xctest; sourceTree = BUILT_PRODUCTS_DIR; };
		8383B5B01B01C8C0006607E2 /* Info.plist */ = {isa = PBXFileReference; lastKnownFileType = text.plist.xml; path = Info.plist; sourceTree = "<group>"; };
		8383B5B11B01C8C0006607E2 /* Lab3MapTests.swift */ = {isa = PBXFileReference; lastKnownFileType = sourcecode.swift; path = Lab3MapTests.swift; sourceTree = "<group>"; };
/* End PBXFileReference section */

/* Begin PBXFrameworksBuildPhase section */
		8383B5931B01C8C0006607E2 /* Frameworks */ = {
			isa = PBXFrameworksBuildPhase;
			buildActionMask = 2147483647;
			files = (
			);
			runOnlyForDeploymentPostprocessing = 0;
		};
		8383B5A81B01C8C0006607E2 /* Frameworks */ = {
			isa = PBXFrameworksBuildPhase;
			buildActionMask = 2147483647;
			files = (
			);
			runOnlyForDeploymentPostprocessing = 0;
		};
/* End PBXFrameworksBuildPhase section */

/* Begin PBXGroup section */
		8383B58D1B01C8C0006607E2 = {
			isa = PBXGroup;
			children = (
				8383B5981B01C8C0006607E2 /* Lab3Map */,
				8383B5AE1B01C8C0006607E2 /* Lab3MapTests */,
				8383B5971B01C8C0006607E2 /* Products */,
			);
			sourceTree = "<group>";
		};
		8383B5971B01C8C0006607E2 /* Products */ = {
			isa = PBXGroup;
			children = (
				8383B5961B01C8C0006607E2 /* Lab3Map.app */,
				8383B5AB1B01C8C0006607E2 /* Lab3MapTests.xctest */,
			);
			name = Products;
			sourceTree = "<group>";
		};
		8383B5981B01C8C0006607E2 /* Lab3Map */ = {
			isa = PBXGroup;
			children = (
				8383B59B1B01C8C0006607E2 /* AppDelegate.swift */,
				8383B59D1B01C8C0006607E2 /* ViewController.swift */,
				8383B59F1B01C8C0006607E2 /* Main.storyboard */,
				8383B5A21B01C8C0006607E2 /* Images.xcassets */,
				8383B5A41B01C8C0006607E2 /* LaunchScreen.xib */,
				8383B5991B01C8C0006607E2 /* Supporting Files */,
			);
			path = Lab3Map;
			sourceTree = "<group>";
		};
		8383B5991B01C8C0006607E2 /* Supporting Files */ = {
			isa = PBXGroup;
			children = (
				8383B59A1B01C8C0006607E2 /* Info.plist */,
			);
			name = "Supporting Files";
			sourceTree = "<group>";
		};
		8383B5AE1B01C8C0006607E2 /* Lab3MapTests */ = {
			isa = PBXGroup;
			children = (
				8383B5B11B01C8C0006607E2 /* Lab3MapTests.swift */,
				8383B5AF1B01C8C0006607E2 /* Supporting Files */,
			);
			path = Lab3MapTests;
			sourceTree = "<group>";
		};
		8383B5AF1B01C8C0006607E2 /* Supporting Files */ = {
			isa = PBXGroup;
			children = (
				8383B5B01B01C8C0006607E2 /* Info.plist */,
			);
			name = "Supporting Files";
			sourceTree = "<group>";
		};
/* End PBXGroup section */

/* Begin PBXNativeTarget section */
		8383B5951B01C8C0006607E2 /* Lab3Map */ = {
			isa = PBXNativeTarget;
			buildConfigurationList = 8383B5B51B01C8C0006607E2 /* Build configuration list for PBXNativeTarget "Lab3Map" */;
			buildPhases = (
				8383B5921B01C8C0006607E2 /* Sources */,
				8383B5931B01C8C0006607E2 /* Frameworks */,
				8383B5941B01C8C0006607E2 /* Resources */,
			);
			buildRules = (
			);
			dependencies = (
			);
			name = Lab3Map;
			productName = Lab3Map;
			productReference = 8383B5961B01C8C0006607E2 /* Lab3Map.app */;
			productType = "com.apple.product-type.application";
		};
		8383B5AA1B01C8C0006607E2 /* Lab3MapTests */ = {
			isa = PBXNativeTarget;
			buildConfigurationList = 8383B5B81B01C8C0006607E2 /* Build configuration list for PBXNativeTarget "Lab3MapTests" */;
			buildPhases = (
				8383B5A71B01C8C0006607E2 /* Sources */,
				8383B5A81B01C8C0006607E2 /* Frameworks */,
				8383B5A91B01C8C0006607E2 /* Resources */,
			);
			buildRules = (
			);
			dependencies = (
				8383B5AD1B01C8C0006607E2 /* PBXTargetDependency */,
			);
			name = Lab3MapTests;
			productName = Lab3MapTests;
			productReference = 8383B5AB1B01C8C0006607E2 /* Lab3MapTests.xctest */;
			productType = "com.apple.product-type.bundle.unit-test";
		};
/* End PBXNativeTarget section */

/* Begin PBXProject section */
		8383B58E1B01C8C0006607E2 /* Project object */ = {
			isa = PBXProject;
			attributes = {
				LastUpgradeCheck = 0630;
				ORGANIZATIONNAME = Taina;
				TargetAttributes = {
					8383B5951B01C8C0006607E2 = {
						CreatedOnToolsVersion = 6.3.1;
					};
					8383B5AA1B01C8C0006607E2 = {
						CreatedOnToolsVersion = 6.3.1;
						TestTargetID = 8383B5951B01C8C0006607E2;
					};
				};
			};
			buildConfigurationList = 8383B5911B01C8C0006607E2 /* Build configuration list for PBXProject "Lab3Map" */;
			compatibilityVersion = "Xcode 3.2";
			developmentRegion = English;
			hasScannedForEncodings = 0;
			knownRegions = (
				en,
				Base,
			);
			mainGroup = 8383B58D1B01C8C0006607E2;
			productRefGroup = 8383B5971B01C8C0006607E2 /* Products */;
			projectDirPath = "";
			projectRoot = "";
			targets = (
				8383B5951B01C8C0006607E2 /* Lab3Map */,
				8383B5AA1B01C8C0006607E2 /* Lab3MapTests */,
			);
		};
/* End PBXProject section */

/* Begin PBXResourcesBuildPhase section */
		8383B5941B01C8C0006607E2 /* Resources */ = {
			isa = PBXResourcesBuildPhase;
			buildActionMask = 2147483647;
			files = (
				8383B5A11B01C8C0006607E2 /* Main.storyboard in Resources */,
				8383B5A61B01C8C0006607E2 /* LaunchScreen.xib in Resources */,
				8383B5A31B01C8C0006607E2 /* Images.xcassets in Resources */,
			);
			runOnlyForDeploymentPostprocessing = 0;
		};
		8383B5A91B01C8C0006607E2 /* Resources */ = {
			isa = PBXResourcesBuildPhase;
			buildActionMask = 2147483647;
			files = (
			);
			runOnlyForDeploymentPostprocessing = 0;
		};
/* End PBXResourcesBuildPhase section */

/* Begin PBXSourcesBuildPhase section */
		8383B5921B01C8C0006607E2 /* Sources */ = {
			isa = PBXSourcesBuildPhase;
			buildActionMask = 2147483647;
			files = (
				8383B59E1B01C8C0006607E2 /* ViewController.swift in Sources */,
				8383B59C1B01C8C0006607E2 /* AppDelegate.swift in Sources */,
			);
			runOnlyForDeploymentPostprocessing = 0;
		};
		8383B5A71B01C8C0006607E2 /* Sources */ = {
			isa = PBXSourcesBuildPhase;
			buildActionMask = 2147483647;
			files = (
				8383B5B21B01C8C0006607E2 /* Lab3MapTests.swift in Sources */,
			);
			runOnlyForDeploymentPostprocessing = 0;
		};
/* End PBXSourcesBuildPhase section */

/* Begin PBXTargetDependency section */
		8383B5AD1B01C8C0006607E2 /* PBXTargetDependency */ = {
			isa = PBXTargetDependency;
			target = 8383B5951B01C8C0006607E2 /* Lab3Map */;
			targetProxy = 8383B5AC1B01C8C0006607E2 /* PBXContainerItemProxy */;
		};
/* End PBXTargetDependency section */

/* Begin PBXVariantGroup section */
		8383B59F1B01C8C0006607E2 /* Main.storyboard */ = {
			isa = PBXVariantGroup;
			children = (
				8383B5A01B01C8C0006607E2 /* Base */,
			);
			name = Main.storyboard;
			sourceTree = "<group>";
		};
		8383B5A41B01C8C0006607E2 /* LaunchScreen.xib */ = {
			isa = PBXVariantGroup;
			children = (
				8383B5A51B01C8C0006607E2 /* Base */,
			);
			name = LaunchScreen.xib;
			sourceTree = "<group>";
		};
/* End PBXVariantGroup section */

/* Begin XCBuildConfiguration section */
		8383B5B31B01C8C0006607E2 /* Debug */ = {
			isa = XCBuildConfiguration;
			buildSettings = {
				ALWAYS_SEARCH_USER_PATHS = NO;
				CLANG_CXX_LANGUAGE_STANDARD = "gnu++0x";
				CLANG_CXX_LIBRARY = "libc++";
				CLANG_ENABLE_MODULES = YES;
				CLANG_ENABLE_OBJC_ARC = YES;
				CLANG_WARN_BOOL_CONVERSION = YES;
				CLANG_WARN_CONSTANT_CONVERSION = YES;
				CLANG_WARN_DIRECT_OBJC_ISA_USAGE = YES_ERROR;
				CLANG_WARN_EMPTY_BODY = YES;
				CLANG_WARN_ENUM_CONVERSION = YES;
				CLANG_WARN_INT_CONVERSION = YES;
				CLANG_WARN_OBJC_ROOT_CLASS = YES_ERROR;
				CLANG_WARN_UNREACHABLE_CODE = YES;
				CLANG_WARN__DUPLICATE_METHOD_MATCH = YES;
				"CODE_SIGN_IDENTITY[sdk=iphoneos*]" = "iPhone Developer";
				COPY_PHASE_STRIP = NO;
				DEBUG_INFORMATION_FORMAT = "dwarf-with-dsym";
				ENABLE_STRICT_OBJC_MSGSEND = YES;
				GCC_C_LANGUAGE_STANDARD = gnu99;
				GCC_DYNAMIC_NO_PIC = NO;
				GCC_NO_COMMON_BLOCKS = YES;
				GCC_OPTIMIZATION_LEVEL = 0;
				GCC_PREPROCESSOR_DEFINITIONS = (
					"DEBUG=1",
					"$(inherited)",
				);
				GCC_SYMBOLS_PRIVATE_EXTERN = NO;
				GCC_WARN_64_TO_32_BIT_CONVERSION = YES;
				GCC_WARN_ABOUT_RETURN_TYPE = YES_ERROR;
				GCC_WARN_UNDECLARED_SELECTOR = YES;
				GCC_WARN_UNINITIALIZED_AUTOS = YES_AGGRESSIVE;
				GCC_WARN_UNUSED_FUNCTION = YES;
				GCC_WARN_UNUSED_VARIABLE = YES;
				IPHONEOS_DEPLOYMENT_TARGET = 8.3;
				MTL_ENABLE_DEBUG_INFO = YES;
				ONLY_ACTIVE_ARCH = YES;
				SDKROOT = iphoneos;
				SWIFT_OPTIMIZATION_LEVEL = "-Onone";
				TARGETED_DEVICE_FAMILY = "1,2";
			};
			name = Debug;
		};
		8383B5B41B01C8C0006607E2 /* Release */ = {
			isa = XCBuildConfiguration;
			buildSettings = {
				ALWAYS_SEARCH_USER_PATHS = NO;
				CLANG_CXX_LANGUAGE_STANDARD = "gnu++0x";
				CLANG_CXX_LIBRARY = "libc++";
				CLANG_ENABLE_MODULES = YES;
				CLANG_ENABLE_OBJC_ARC = YES;
				CLANG_WARN_BOOL_CONVERSION = YES;
				CLANG_WARN_CONSTANT_CONVERSION = YES;
				CLANG_WARN_DIRECT_OBJC_ISA_USAGE = YES_ERROR;
				CLANG_WARN_EMPTY_BODY = YES;
				CLANG_WARN_ENUM_CONVERSION = YES;
				CLANG_WARN_INT_CONVERSION = YES;
				CLANG_WARN_OBJC_ROOT_CLASS = YES_ERROR;
				CLANG_WARN_UNREACHABLE_CODE = YES;
				CLANG_WARN__DUPLICATE_METHOD_MATCH = YES;
				"CODE_SIGN_IDENTITY[sdk=iphoneos*]" = "iPhone Developer";
				COPY_PHASE_STRIP = NO;
				DEBUG_INFORMATION_FORMAT = "dwarf-with-dsym";
				ENABLE_NS_ASSERTIONS = NO;
				ENABLE_STRICT_OBJC_MSGSEND = YES;
				GCC_C_LANGUAGE_STANDARD = gnu99;
				GCC_NO_COMMON_BLOCKS = YES;
				GCC_WARN_64_TO_32_BIT_CONVERSION = YES;
				GCC_WARN_ABOUT_RETURN_TYPE = YES_ERROR;
				GCC_WARN_UNDECLARED_SELECTOR = YES;
				GCC_WARN_UNINITIALIZED_AUTOS = YES_AGGRESSIVE;
				GCC_WARN_UNUSED_FUNCTION = YES;
				GCC_WARN_UNUSED_VARIABLE = YES;
				IPHONEOS_DEPLOYMENT_TARGET = 8.3;
				MTL_ENABLE_DEBUG_INFO = NO;
				SDKROOT = iphoneos;
				TARGETED_DEVICE_FAMILY = "1,2";
				VALIDATE_PRODUCT = YES;
			};
			name = Release;
		};
		8383B5B61B01C8C0006607E2 /* Debug */ = {
			isa = XCBuildConfiguration;
			buildSettings = {
				ASSETCATALOG_COMPILER_APPICON_NAME = AppIcon;
				INFOPLIST_FILE = Lab3Map/Info.plist;
				LD_RUNPATH_SEARCH_PATHS = "$(inherited) @executable_path/Frameworks";
				PRODUCT_NAME = "$(TARGET_NAME)";
			};
			name = Debug;
		};
		8383B5B71B01C8C0006607E2 /* Release */ = {
			isa = XCBuildConfiguration;
			buildSettings = {
				ASSETCATALOG_COMPILER_APPICON_NAME = AppIcon;
				INFOPLIST_FILE = Lab3Map/Info.plist;
				LD_RUNPATH_SEARCH_PATHS = "$(inherited) @executable_path/Frameworks";
				PRODUCT_NAME = "$(TARGET_NAME)";
			};
			name = Release;
		};
		8383B5B91B01C8C0006607E2 /* Debug */ = {
			isa = XCBuildConfiguration;
			buildSettings = {
				BUNDLE_LOADER = "$(TEST_HOST)";
				FRAMEWORK_SEARCH_PATHS = (
					"$(SDKROOT)/Developer/Library/Frameworks",
					"$(inherited)",
				);
				GCC_PREPROCESSOR_DEFINITIONS = (
					"DEBUG=1",
					"$(inherited)",
				);
				INFOPLIST_FILE = Lab3MapTests/Info.plist;
				LD_RUNPATH_SEARCH_PATHS = "$(inherited) @executable_path/Frameworks @loader_path/Frameworks";
				PRODUCT_NAME = "$(TARGET_NAME)";
				TEST_HOST = "$(BUILT_PRODUCTS_DIR)/Lab3Map.app/Lab3Map";
			};
			name = Debug;
		};
		8383B5BA1B01C8C0006607E2 /* Release */ = {
			isa = XCBuildConfiguration;
			buildSettings = {
				BUNDLE_LOADER = "$(TEST_HOST)";
				FRAMEWORK_SEARCH_PATHS = (
					"$(SDKROOT)/Developer/Library/Frameworks",
					"$(inherited)",
				);
				INFOPLIST_FILE = Lab3MapTests/Info.plist;
				LD_RUNPATH_SEARCH_PATHS = "$(inherited) @executable_path/Frameworks @loader_path/Frameworks";
				PRODUCT_NAME = "$(TARGET_NAME)";
				TEST_HOST = "$(BUILT_PRODUCTS_DIR)/Lab3Map.app/Lab3Map";
			};
			name = Release;
		};
/* End XCBuildConfiguration section */

/* Begin XCConfigurationList section */
		8383B5911B01C8C0006607E2 /* Build configuration list for PBXProject "Lab3Map" */ = {
			isa = XCConfigurationList;
			buildConfigurations = (
				8383B5B31B01C8C0006607E2 /* Debug */,
				8383B5B41B01C8C0006607E2 /* Release */,
			);
			defaultConfigurationIsVisible = 0;
			defaultConfigurationName = Release;
		};
		8383B5B51B01C8C0006607E2 /* Build configuration list for PBXNativeTarget "Lab3Map" */ = {
			isa = XCConfigurationList;
			buildConfigurations = (
				8383B5B61B01C8C0006607E2 /* Debug */,
				8383B5B71B01C8C0006607E2 /* Release */,
			);
			defaultConfigurationIsVisible = 0;
		};
		8383B5B81B01C8C0006607E2 /* Build configuration list for PBXNativeTarget "Lab3MapTests" */ = {
			isa = XCConfigurationList;
			buildConfigurations = (
				8383B5B91B01C8C0006607E2 /* Debug */,
				8383B5BA1B01C8C0006607E2 /* Release */,
			);
			defaultConfigurationIsVisible = 0;
		};
/* End XCConfigurationList section */
	};
	rootObject = 8383B58E1B01C8C0006607E2 /* Project object */;
}
